
Microsoft Visual Studio Solution File, Format Version 12.00
# Visual Studio Version 16
VisualStudioVersion = 16.0.31105.61
MinimumVisualStudioVersion = 10.0.40219.1
Project("{FAE04EC0-301F-11D3-BF4B-00C04F79EFBC}") = "OnlineShope", "OnlineShope\OnlineShope.csproj", "{DE2B50CC-31B6-4254-98A4-19B974A315F7}"
EndProject
Global
	GlobalSection(SolutionConfigurationPlatforms) = preSolution
		Debug|Any CPU = Debug|Any CPU
		Release|Any CPU = Release|Any CPU
	EndGlobalSection
	GlobalSection(ProjectConfigurationPlatforms) = postSolution
		{DE2B50CC-31B6-4254-98A4-19B974A315F7}.Debug|Any CPU.ActiveCfg = Debug|Any CPU
		{DE2B50CC-31B6-4254-98A4-19B974A315F7}.Debug|Any CPU.Build.0 = Debug|Any CPU
		{DE2B50CC-31B6-4254-98A4-19B974A315F7}.Release|Any CPU.ActiveCfg = Release|Any CPU
		{DE2B50CC-31B6-4254-98A4-19B974A315F7}.Release|Any CPU.Build.0 = Release|Any CPU
	EndGlobalSection
	GlobalSection(SolutionProperties) = preSolution
		HideSolutionNode = FALSE
	EndGlobalSection
	GlobalSection(ExtensibilityGlobals) = postSolution
		SolutionGuid = {5963B991-8D42-4296-A096-94A004226D34}
	EndGlobalSection
EndGlobal
